
Microsoft Visual Studio Solution File, Format Version 12.00
# Visual Studio Version 17
VisualStudioVersion = 17.12.35728.132
MinimumVisualStudioVersion = 10.0.40219.1
Project("{FAE04EC0-301F-11D3-BF4B-00C04F79EFBC}") = "CMM.Test.GUI", "CMM.Test.GUI\CMM.Test.GUI.csproj", "{D868323A-3C55-44EB-AC67-6F0B5E02E8CF}"
EndProject
Project("{FAE04EC0-301F-11D3-BF4B-00C04F79EFBC}") = "CMM.Test.GUI.UnitTests", "CMM.Test.GUI.UnitTests\CMM.Test.GUI.UnitTests.csproj", "{4D8AE785-F0D2-465E-AD90-6A8BCD360CF4}"
EndProject
Global
	GlobalSection(SolutionConfigurationPlatforms) = preSolution
		Debug|Any CPU = Debug|Any CPU
		Release|Any CPU = Release|Any CPU
	EndGlobalSection
	GlobalSection(ProjectConfigurationPlatforms) = postSolution
		{D868323A-3C55-44EB-AC67-6F0B5E02E8CF}.Debug|Any CPU.ActiveCfg = Debug|Any CPU
		{D868323A-3C55-44EB-AC67-6F0B5E02E8CF}.Debug|Any CPU.Build.0 = Debug|Any CPU
		{D868323A-3C55-44EB-AC67-6F0B5E02E8CF}.Release|Any CPU.ActiveCfg = Release|Any CPU
		{D868323A-3C55-44EB-AC67-6F0B5E02E8CF}.Release|Any CPU.Build.0 = Release|Any CPU
		{4D8AE785-F0D2-465E-AD90-6A8BCD360CF4}.Debug|Any CPU.ActiveCfg = Debug|Any CPU
		{4D8AE785-F0D2-465E-AD90-6A8BCD360CF4}.Debug|Any CPU.Build.0 = Debug|Any CPU
		{4D8AE785-F0D2-465E-AD90-6A8BCD360CF4}.Release|Any CPU.ActiveCfg = Release|Any CPU
		{4D8AE785-F0D2-465E-AD90-6A8BCD360CF4}.Release|Any CPU.Build.0 = Release|Any CPU
	EndGlobalSection
	GlobalSection(SolutionProperties) = preSolution
		HideSolutionNode = FALSE
	EndGlobalSection
EndGlobal
