
Microsoft Visual Studio Solution File, Format Version 12.00
# Visual Studio Version 17
VisualStudioVersion = 17.12.35728.132
MinimumVisualStudioVersion = 10.0.40219.1
Project("{FAE04EC0-301F-11D3-BF4B-00C04F79EFBC}") = "CMM.Test.GUI", "CMM.Test.GUI\CMM.Test.GUI.csproj", "{725D3AA6-BF8B-41E4-99EA-4910A7F6590A}"
EndProject
Project("{FAE04EC0-301F-11D3-BF4B-00C04F79EFBC}") = "CMM.Test.GUI.UnitTests", "CMM.Test.GUI.UnitTests\CMM.Test.GUI.UnitTests.csproj", "{5B1C8F4D-7439-4551-A049-3FD87F659E63}"
EndProject
Project("{FAE04EC0-301F-11D3-BF4B-00C04F79EFBC}") = "CmmTestModules", "CmmTestModules\CmmTestModules.csproj", "{C50B55AC-B964-4A72-A321-5C42FDF35C71}"
EndProject
Project("{FAE04EC0-301F-11D3-BF4B-00C04F79EFBC}") = "Cmm.API", "Cmm.API\Cmm.API.csproj", "{2C408ADA-FF14-4DDC-9EBB-D2995D17F17A}"
EndProject
Global
	GlobalSection(SolutionConfigurationPlatforms) = preSolution
		Debug|Any CPU = Debug|Any CPU
		Release|Any CPU = Release|Any CPU
	EndGlobalSection
	GlobalSection(ProjectConfigurationPlatforms) = postSolution
		{725D3AA6-BF8B-41E4-99EA-4910A7F6590A}.Debug|Any CPU.ActiveCfg = Debug|Any CPU
		{725D3AA6-BF8B-41E4-99EA-4910A7F6590A}.Debug|Any CPU.Build.0 = Debug|Any CPU
		{725D3AA6-BF8B-41E4-99EA-4910A7F6590A}.Release|Any CPU.ActiveCfg = Release|Any CPU
		{725D3AA6-BF8B-41E4-99EA-4910A7F6590A}.Release|Any CPU.Build.0 = Release|Any CPU
		{5B1C8F4D-7439-4551-A049-3FD87F659E63}.Debug|Any CPU.ActiveCfg = Debug|Any CPU
		{5B1C8F4D-7439-4551-A049-3FD87F659E63}.Debug|Any CPU.Build.0 = Debug|Any CPU
		{5B1C8F4D-7439-4551-A049-3FD87F659E63}.Release|Any CPU.ActiveCfg = Release|Any CPU
		{5B1C8F4D-7439-4551-A049-3FD87F659E63}.Release|Any CPU.Build.0 = Release|Any CPU
		{C50B55AC-B964-4A72-A321-5C42FDF35C71}.Debug|Any CPU.ActiveCfg = Debug|Any CPU
		{C50B55AC-B964-4A72-A321-5C42FDF35C71}.Debug|Any CPU.Build.0 = Debug|Any CPU
		{C50B55AC-B964-4A72-A321-5C42FDF35C71}.Release|Any CPU.ActiveCfg = Release|Any CPU
		{C50B55AC-B964-4A72-A321-5C42FDF35C71}.Release|Any CPU.Build.0 = Release|Any CPU
		{2C408ADA-FF14-4DDC-9EBB-D2995D17F17A}.Debug|Any CPU.ActiveCfg = Debug|Any CPU
		{2C408ADA-FF14-4DDC-9EBB-D2995D17F17A}.Debug|Any CPU.Build.0 = Debug|Any CPU
		{2C408ADA-FF14-4DDC-9EBB-D2995D17F17A}.Release|Any CPU.ActiveCfg = Release|Any CPU
		{2C408ADA-FF14-4DDC-9EBB-D2995D17F17A}.Release|Any CPU.Build.0 = Release|Any CPU
	EndGlobalSection
	GlobalSection(SolutionProperties) = preSolution
		HideSolutionNode = FALSE
	EndGlobalSection
EndGlobal
